
Microsoft Visual Studio Solution File, Format Version 12.00
# Visual Studio 15
VisualStudioVersion = 15.0.27004.2009
MinimumVisualStudioVersion = 10.0.40219.1
Project("{FAE04EC0-301F-11D3-BF4B-00C04F79EFBC}") = "HelloWorld", "HelloWorld\HelloWorld.csproj", "{DDC0A196-8A3B-4EC7-B03C-D21DD5D61397}"
EndProject
Global
	GlobalSection(SolutionConfigurationPlatforms) = preSolution
		Debug|Any CPU = Debug|Any CPU
		Release|Any CPU = Release|Any CPU
	EndGlobalSection
	GlobalSection(ProjectConfigurationPlatforms) = postSolution
		{DDC0A196-8A3B-4EC7-B03C-D21DD5D61397}.Debug|Any CPU.ActiveCfg = Debug|Any CPU
		{DDC0A196-8A3B-4EC7-B03C-D21DD5D61397}.Debug|Any CPU.Build.0 = Debug|Any CPU
		{DDC0A196-8A3B-4EC7-B03C-D21DD5D61397}.Release|Any CPU.ActiveCfg = Release|Any CPU
		{DDC0A196-8A3B-4EC7-B03C-D21DD5D61397}.Release|Any CPU.Build.0 = Release|Any CPU
	EndGlobalSection
	GlobalSection(SolutionProperties) = preSolution
		HideSolutionNode = FALSE
	EndGlobalSection
	GlobalSection(ExtensibilityGlobals) = postSolution
		SolutionGuid = {42898572-35BC-4B7A-BDF4-43C288F5BC0F}
	EndGlobalSection
EndGlobal
