
Microsoft Visual Studio Solution File, Format Version 12.00
# Visual Studio 15
VisualStudioVersion = 15.0.27004.2009
MinimumVisualStudioVersion = 10.0.40219.1
Project("{FAE04EC0-301F-11D3-BF4B-00C04F79EFBC}") = "22_ConverterEx", "22_ConverterEx\22_ConverterEx.csproj", "{6AF00BE2-5143-4A15-AB8B-A5C44F13B813}"
EndProject
Global
	GlobalSection(SolutionConfigurationPlatforms) = preSolution
		Debug|Any CPU = Debug|Any CPU
		Release|Any CPU = Release|Any CPU
	EndGlobalSection
	GlobalSection(ProjectConfigurationPlatforms) = postSolution
		{6AF00BE2-5143-4A15-AB8B-A5C44F13B813}.Debug|Any CPU.ActiveCfg = Debug|Any CPU
		{6AF00BE2-5143-4A15-AB8B-A5C44F13B813}.Debug|Any CPU.Build.0 = Debug|Any CPU
		{6AF00BE2-5143-4A15-AB8B-A5C44F13B813}.Release|Any CPU.ActiveCfg = Release|Any CPU
		{6AF00BE2-5143-4A15-AB8B-A5C44F13B813}.Release|Any CPU.Build.0 = Release|Any CPU
	EndGlobalSection
	GlobalSection(SolutionProperties) = preSolution
		HideSolutionNode = FALSE
	EndGlobalSection
	GlobalSection(ExtensibilityGlobals) = postSolution
		SolutionGuid = {BBB342F4-2F55-4E4B-B5AA-41A516E6A438}
	EndGlobalSection
EndGlobal
